
Microsoft Visual Studio Solution File, Format Version 12.00
# Visual Studio Version 17
VisualStudioVersion = 17.4.33205.214
MinimumVisualStudioVersion = 10.0.40219.1
Project("{888888A0-9F3D-457C-B088-3A5042F75D52}") = "PythonApplication10645", "PythonApplication10645.pyproj", "{E4F7434C-F504-434A-B24D-5BF0FE26456C}"
EndProject
Global
	GlobalSection(SolutionConfigurationPlatforms) = preSolution
		Debug|Any CPU = Debug|Any CPU
		Release|Any CPU = Release|Any CPU
	EndGlobalSection
	GlobalSection(ProjectConfigurationPlatforms) = postSolution
		{E4F7434C-F504-434A-B24D-5BF0FE26456C}.Debug|Any CPU.ActiveCfg = Debug|Any CPU
		{E4F7434C-F504-434A-B24D-5BF0FE26456C}.Release|Any CPU.ActiveCfg = Release|Any CPU
	EndGlobalSection
	GlobalSection(SolutionProperties) = preSolution
		HideSolutionNode = FALSE
	EndGlobalSection
	GlobalSection(ExtensibilityGlobals) = postSolution
		SolutionGuid = {4DFA18A8-327F-4294-8675-B8FD973DF94A}
	EndGlobalSection
EndGlobal
